
Microsoft Visual Studio Solution File, Format Version 12.00
# Visual Studio 15
VisualStudioVersion = 15.0.27428.2015
MinimumVisualStudioVersion = 10.0.40219.1
Project("{FAE04EC0-301F-11D3-BF4B-00C04F79EFBC}") = "HttpClient", "HttpClient\HttpClient.csproj", "{2DF4BCC2-4426-4B68-88FF-60B164E09075}"
EndProject
Project("{FAE04EC0-301F-11D3-BF4B-00C04F79EFBC}") = "HttpClient.Tests", "HttpClient.Tests\HttpClient.Tests.csproj", "{CFEA48A3-E32A-4777-8998-9CBB323D07AF}"
EndProject
Global
	GlobalSection(SolutionConfigurationPlatforms) = preSolution
		Debug|Any CPU = Debug|Any CPU
		Release|Any CPU = Release|Any CPU
	EndGlobalSection
	GlobalSection(ProjectConfigurationPlatforms) = postSolution
		{2DF4BCC2-4426-4B68-88FF-60B164E09075}.Debug|Any CPU.ActiveCfg = Debug|Any CPU
		{2DF4BCC2-4426-4B68-88FF-60B164E09075}.Debug|Any CPU.Build.0 = Debug|Any CPU
		{2DF4BCC2-4426-4B68-88FF-60B164E09075}.Release|Any CPU.ActiveCfg = Release|Any CPU
		{2DF4BCC2-4426-4B68-88FF-60B164E09075}.Release|Any CPU.Build.0 = Release|Any CPU
		{CFEA48A3-E32A-4777-8998-9CBB323D07AF}.Debug|Any CPU.ActiveCfg = Debug|Any CPU
		{CFEA48A3-E32A-4777-8998-9CBB323D07AF}.Debug|Any CPU.Build.0 = Debug|Any CPU
		{CFEA48A3-E32A-4777-8998-9CBB323D07AF}.Release|Any CPU.ActiveCfg = Release|Any CPU
		{CFEA48A3-E32A-4777-8998-9CBB323D07AF}.Release|Any CPU.Build.0 = Release|Any CPU
	EndGlobalSection
	GlobalSection(SolutionProperties) = preSolution
		HideSolutionNode = FALSE
	EndGlobalSection
	GlobalSection(ExtensibilityGlobals) = postSolution
		SolutionGuid = {BEBB0B9E-37A3-42BE-8A04-DE9F1190FCF4}
	EndGlobalSection
EndGlobal
